
Microsoft Visual Studio Solution File, Format Version 12.00
# Visual Studio Version 17
VisualStudioVersion = 17.13.35931.197 d17.13
MinimumVisualStudioVersion = 10.0.40219.1
Project("{FAE04EC0-301F-11D3-BF4B-00C04F79EFBC}") = "SaasClinicas.Api", "SaasClinicas.Api.csproj", "{B7B26448-8162-4EBC-9BB0-B754097E11EF}"
EndProject
Global
	GlobalSection(SolutionConfigurationPlatforms) = preSolution
		Debug|Any CPU = Debug|Any CPU
		Release|Any CPU = Release|Any CPU
	EndGlobalSection
	GlobalSection(ProjectConfigurationPlatforms) = postSolution
		{B7B26448-8162-4EBC-9BB0-B754097E11EF}.Debug|Any CPU.ActiveCfg = Debug|Any CPU
		{B7B26448-8162-4EBC-9BB0-B754097E11EF}.Debug|Any CPU.Build.0 = Debug|Any CPU
		{B7B26448-8162-4EBC-9BB0-B754097E11EF}.Release|Any CPU.ActiveCfg = Release|Any CPU
		{B7B26448-8162-4EBC-9BB0-B754097E11EF}.Release|Any CPU.Build.0 = Release|Any CPU
	EndGlobalSection
	GlobalSection(SolutionProperties) = preSolution
		HideSolutionNode = FALSE
	EndGlobalSection
	GlobalSection(ExtensibilityGlobals) = postSolution
		SolutionGuid = {B774BED8-A8A8-4139-BC86-00CE509597FB}
	EndGlobalSection
EndGlobal
